
Microsoft Visual Studio Solution File, Format Version 12.00
# Visual Studio Version 16
VisualStudioVersion = 16.0.30309.148
MinimumVisualStudioVersion = 10.0.40219.1
Project("{9A19103F-16F7-4668-BE54-9A1E7A4F7556}") = "ServerConsole", "ServerConsole\ServerConsole.csproj", "{9BEFC9CB-419A-44B5-BE00-2699682100AE}"
EndProject
Project("{54435603-DBB4-11D2-8724-00A0C9A8B90C}") = "Server", "Server\Server.vdproj", "{00DA583F-A023-43B2-9A59-3CA47AB9E39E}"
EndProject
Global
	GlobalSection(SolutionConfigurationPlatforms) = preSolution
		Debug|Any CPU = Debug|Any CPU
		Release|Any CPU = Release|Any CPU
	EndGlobalSection
	GlobalSection(ProjectConfigurationPlatforms) = postSolution
		{9BEFC9CB-419A-44B5-BE00-2699682100AE}.Debug|Any CPU.ActiveCfg = Debug|Any CPU
		{9BEFC9CB-419A-44B5-BE00-2699682100AE}.Debug|Any CPU.Build.0 = Debug|Any CPU
		{9BEFC9CB-419A-44B5-BE00-2699682100AE}.Release|Any CPU.ActiveCfg = Release|Any CPU
		{9BEFC9CB-419A-44B5-BE00-2699682100AE}.Release|Any CPU.Build.0 = Release|Any CPU
		{00DA583F-A023-43B2-9A59-3CA47AB9E39E}.Debug|Any CPU.ActiveCfg = Debug
		{00DA583F-A023-43B2-9A59-3CA47AB9E39E}.Release|Any CPU.ActiveCfg = Release
	EndGlobalSection
	GlobalSection(SolutionProperties) = preSolution
		HideSolutionNode = FALSE
	EndGlobalSection
	GlobalSection(ExtensibilityGlobals) = postSolution
		SolutionGuid = {16921BB5-F988-4230-B6EC-7B3F60B9FE9D}
	EndGlobalSection
EndGlobal
